
Microsoft Visual Studio Solution File, Format Version 12.00
# Visual Studio Version 16
VisualStudioVersion = 16.0.30709.132
MinimumVisualStudioVersion = 10.0.40219.1
Project("{FAE04EC0-301F-11D3-BF4B-00C04F79EFBC}") = "MqttApi", "MqttApi\MqttApi.csproj", "{A79AC7E7-2C52-497E-8349-17BBF48DE190}"
EndProject
Project("{FAE04EC0-301F-11D3-BF4B-00C04F79EFBC}") = "MqttApi.Test", "MqttApi.Test\MqttApi.Test.csproj", "{62C0F8BE-EF4A-49CF-B7FA-D23968F1429B}"
EndProject
Global
	GlobalSection(SolutionConfigurationPlatforms) = preSolution
		Debug|Any CPU = Debug|Any CPU
		Release|Any CPU = Release|Any CPU
	EndGlobalSection
	GlobalSection(ProjectConfigurationPlatforms) = postSolution
		{A79AC7E7-2C52-497E-8349-17BBF48DE190}.Debug|Any CPU.ActiveCfg = Debug|Any CPU
		{A79AC7E7-2C52-497E-8349-17BBF48DE190}.Debug|Any CPU.Build.0 = Debug|Any CPU
		{A79AC7E7-2C52-497E-8349-17BBF48DE190}.Release|Any CPU.ActiveCfg = Release|Any CPU
		{A79AC7E7-2C52-497E-8349-17BBF48DE190}.Release|Any CPU.Build.0 = Release|Any CPU
		{62C0F8BE-EF4A-49CF-B7FA-D23968F1429B}.Debug|Any CPU.ActiveCfg = Debug|Any CPU
		{62C0F8BE-EF4A-49CF-B7FA-D23968F1429B}.Debug|Any CPU.Build.0 = Debug|Any CPU
		{62C0F8BE-EF4A-49CF-B7FA-D23968F1429B}.Release|Any CPU.ActiveCfg = Release|Any CPU
		{62C0F8BE-EF4A-49CF-B7FA-D23968F1429B}.Release|Any CPU.Build.0 = Release|Any CPU
	EndGlobalSection
	GlobalSection(SolutionProperties) = preSolution
		HideSolutionNode = FALSE
	EndGlobalSection
	GlobalSection(ExtensibilityGlobals) = postSolution
		SolutionGuid = {598F5313-912D-4C6D-8E18-99F4C542A5C9}
	EndGlobalSection
EndGlobal
